{
  "version": 1,
  "dependencies": {
    "net10.0-windows7.0": {
      "F1": {
        "type": "Project",
        "dependencies": {
          "F1.Core": "[1.0.0, )",
          "F1.Infrastructure": "[1.0.0, )"
        }
      },
      "f1.core": {
        "type": "Project"
      },
      "f1.infrastructure": {
        "type": "Project",
        "dependencies": {
          "F1.Core": "[1.0.0, )"
        }
      }
    },
    "net10.0-windows7.0/win-x64": {}
  }
}